
Microsoft Visual Studio Solution File, Format Version 12.00
# Visual Studio Version 17
VisualStudioVersion = 17.12.35707.178 d17.12
MinimumVisualStudioVersion = 10.0.40219.1
Project("{FAE04EC0-301F-11D3-BF4B-00C04F79EFBC}") = "JwtApiAuthDotNet9", "JwtApiAuthDotNet9\JwtApiAuthDotNet9.csproj", "{EFB545E0-5B15-4CB6-AC6A-956106057FCE}"
EndProject
Global
	GlobalSection(SolutionConfigurationPlatforms) = preSolution
		Debug|Any CPU = Debug|Any CPU
		Release|Any CPU = Release|Any CPU
	EndGlobalSection
	GlobalSection(ProjectConfigurationPlatforms) = postSolution
		{EFB545E0-5B15-4CB6-AC6A-956106057FCE}.Debug|Any CPU.ActiveCfg = Debug|Any CPU
		{EFB545E0-5B15-4CB6-AC6A-956106057FCE}.Debug|Any CPU.Build.0 = Debug|Any CPU
		{EFB545E0-5B15-4CB6-AC6A-956106057FCE}.Release|Any CPU.ActiveCfg = Release|Any CPU
		{EFB545E0-5B15-4CB6-AC6A-956106057FCE}.Release|Any CPU.Build.0 = Release|Any CPU
	EndGlobalSection
	GlobalSection(SolutionProperties) = preSolution
		HideSolutionNode = FALSE
	EndGlobalSection
EndGlobal
